// !$*UTF8*$!
{
	archiveVersion = 1;
	classes = {
	};
	objectVersion = 56;
	objects = {

/* Begin PBXBuildFile section */
		39AC725B2B0F2EC80063E5A6 /* AppDelegate.swift in Sources */ = {isa = PBXBuildFile; fileRef = 39AC725A2B0F2EC80063E5A6 /* AppDelegate.swift */; };
		39AC725D2B0F2EC80063E5A6 /* SceneDelegate.swift in Sources */ = {isa = PBXBuildFile; fileRef = 39AC725C2B0F2EC80063E5A6 /* SceneDelegate.swift */; };
		39AC72642B0F2EC90063E5A6 /* Assets.xcassets in Resources */ = {isa = PBXBuildFile; fileRef = 39AC72632B0F2EC90063E5A6 /* Assets.xcassets */; };
		39AC72672B0F2EC90063E5A6 /* LaunchScreen.storyboard in Resources */ = {isa = PBXBuildFile; fileRef = 39AC72652B0F2EC90063E5A6 /* LaunchScreen.storyboard */; };
		39AC72742B0F2F520063E5A6 /* NetworkManager.swift in Sources */ = {isa = PBXBuildFile; fileRef = 39AC72732B0F2F520063E5A6 /* NetworkManager.swift */; };
		39AC72762B0F2F9A0063E5A6 /* Article.swift in Sources */ = {isa = PBXBuildFile; fileRef = 39AC72752B0F2F9A0063E5A6 /* Article.swift */; };
		39AC72782B0F2FB30063E5A6 /* News.swift in Sources */ = {isa = PBXBuildFile; fileRef = 39AC72772B0F2FB30063E5A6 /* News.swift */; };
		39AC727A2B0F2FE50063E5A6 /* NewsViewController.swift in Sources */ = {isa = PBXBuildFile; fileRef = 39AC72792B0F2FE50063E5A6 /* NewsViewController.swift */; };
		39AC727E2B0F30780063E5A6 /* NewsTableViewCell.swift in Sources */ = {isa = PBXBuildFile; fileRef = 39AC727D2B0F30780063E5A6 /* NewsTableViewCell.swift */; };
		39AC72802B0F30F60063E5A6 /* NewsViewModel.swift in Sources */ = {isa = PBXBuildFile; fileRef = 39AC727F2B0F30F60063E5A6 /* NewsViewModel.swift */; };
		39AC72832B0F31C30063E5A6 /* Kingfisher in Frameworks */ = {isa = PBXBuildFile; productRef = 39AC72822B0F31C30063E5A6 /* Kingfisher */; };
/* End PBXBuildFile section */

/* Begin PBXFileReference section */
		39AC72572B0F2EC80063E5A6 /* TestProject.app */ = {isa = PBXFileReference; explicitFileType = wrapper.application; includeInIndex = 0; path = TestProject.app; sourceTree = BUILT_PRODUCTS_DIR; };
		39AC725A2B0F2EC80063E5A6 /* AppDelegate.swift */ = {isa = PBXFileReference; lastKnownFileType = sourcecode.swift; path = AppDelegate.swift; sourceTree = "<group>"; };
		39AC725C2B0F2EC80063E5A6 /* SceneDelegate.swift */ = {isa = PBXFileReference; lastKnownFileType = sourcecode.swift; path = SceneDelegate.swift; sourceTree = "<group>"; };
		39AC72632B0F2EC90063E5A6 /* Assets.xcassets */ = {isa = PBXFileReference; lastKnownFileType = folder.assetcatalog; path = Assets.xcassets; sourceTree = "<group>"; };
		39AC72662B0F2EC90063E5A6 /* Base */ = {isa = PBXFileReference; lastKnownFileType = file.storyboard; name = Base; path = Base.lproj/LaunchScreen.storyboard; sourceTree = "<group>"; };
		39AC72682B0F2EC90063E5A6 /* Info.plist */ = {isa = PBXFileReference; lastKnownFileType = text.plist.xml; path = Info.plist; sourceTree = "<group>"; };
		39AC72732B0F2F520063E5A6 /* NetworkManager.swift */ = {isa = PBXFileReference; lastKnownFileType = sourcecode.swift; path = NetworkManager.swift; sourceTree = "<group>"; };
		39AC72752B0F2F9A0063E5A6 /* Article.swift */ = {isa = PBXFileReference; lastKnownFileType = sourcecode.swift; path = Article.swift; sourceTree = "<group>"; };
		39AC72772B0F2FB30063E5A6 /* News.swift */ = {isa = PBXFileReference; lastKnownFileType = sourcecode.swift; path = News.swift; sourceTree = "<group>"; };
		39AC72792B0F2FE50063E5A6 /* NewsViewController.swift */ = {isa = PBXFileReference; lastKnownFileType = sourcecode.swift; path = NewsViewController.swift; sourceTree = "<group>"; };
		39AC727D2B0F30780063E5A6 /* NewsTableViewCell.swift */ = {isa = PBXFileReference; lastKnownFileType = sourcecode.swift; path = NewsTableViewCell.swift; sourceTree = "<group>"; };
		39AC727F2B0F30F60063E5A6 /* NewsViewModel.swift */ = {isa = PBXFileReference; lastKnownFileType = sourcecode.swift; path = NewsViewModel.swift; sourceTree = "<group>"; };
/* End PBXFileReference section */

/* Begin PBXFrameworksBuildPhase section */
		39AC72542B0F2EC80063E5A6 /* Frameworks */ = {
			isa = PBXFrameworksBuildPhase;
			buildActionMask = 2147483647;
			files = (
				39AC72832B0F31C30063E5A6 /* Kingfisher in Frameworks */,
			);
			runOnlyForDeploymentPostprocessing = 0;
		};
/* End PBXFrameworksBuildPhase section */

/* Begin PBXGroup section */
		39AC724E2B0F2EC80063E5A6 = {
			isa = PBXGroup;
			children = (
				39AC72592B0F2EC80063E5A6 /* TestProject */,
				39AC72582B0F2EC80063E5A6 /* Products */,
			);
			sourceTree = "<group>";
		};
		39AC72582B0F2EC80063E5A6 /* Products */ = {
			isa = PBXGroup;
			children = (
				39AC72572B0F2EC80063E5A6 /* TestProject.app */,
			);
			name = Products;
			sourceTree = "<group>";
		};
		39AC72592B0F2EC80063E5A6 /* TestProject */ = {
			isa = PBXGroup;
			children = (
				39AC726E2B0F2ED60063E5A6 /* App */,
				39AC72722B0F2EF90063E5A6 /* NetworkLayer */,
				39AC72712B0F2EE90063E5A6 /* Models */,
				39AC72702B0F2EE30063E5A6 /* Scenes */,
				39AC726F2B0F2EDD0063E5A6 /* Resources */,
				39AC72682B0F2EC90063E5A6 /* Info.plist */,
			);
			path = TestProject;
			sourceTree = "<group>";
		};
		39AC726E2B0F2ED60063E5A6 /* App */ = {
			isa = PBXGroup;
			children = (
				39AC725A2B0F2EC80063E5A6 /* AppDelegate.swift */,
				39AC725C2B0F2EC80063E5A6 /* SceneDelegate.swift */,
			);
			path = App;
			sourceTree = "<group>";
		};
		39AC726F2B0F2EDD0063E5A6 /* Resources */ = {
			isa = PBXGroup;
			children = (
				39AC72632B0F2EC90063E5A6 /* Assets.xcassets */,
				39AC72652B0F2EC90063E5A6 /* LaunchScreen.storyboard */,
			);
			path = Resources;
			sourceTree = "<group>";
		};
		39AC72702B0F2EE30063E5A6 /* Scenes */ = {
			isa = PBXGroup;
			children = (
				39AC727B2B0F2FF50063E5A6 /* News */,
			);
			path = Scenes;
			sourceTree = "<group>";
		};
		39AC72712B0F2EE90063E5A6 /* Models */ = {
			isa = PBXGroup;
			children = (
				39AC72752B0F2F9A0063E5A6 /* Article.swift */,
				39AC72772B0F2FB30063E5A6 /* News.swift */,
			);
			path = Models;
			sourceTree = "<group>";
		};
		39AC72722B0F2EF90063E5A6 /* NetworkLayer */ = {
			isa = PBXGroup;
			children = (
				39AC72732B0F2F520063E5A6 /* NetworkManager.swift */,
			);
			path = NetworkLayer;
			sourceTree = "<group>";
		};
		39AC727B2B0F2FF50063E5A6 /* News */ = {
			isa = PBXGroup;
			children = (
				39AC727C2B0F306B0063E5A6 /* NewsTableViewCell */,
				39AC72792B0F2FE50063E5A6 /* NewsViewController.swift */,
				39AC727F2B0F30F60063E5A6 /* NewsViewModel.swift */,
			);
			path = News;
			sourceTree = "<group>";
		};
		39AC727C2B0F306B0063E5A6 /* NewsTableViewCell */ = {
			isa = PBXGroup;
			children = (
				39AC727D2B0F30780063E5A6 /* NewsTableViewCell.swift */,
			);
			path = NewsTableViewCell;
			sourceTree = "<group>";
		};
/* End PBXGroup section */

/* Begin PBXNativeTarget section */
		39AC72562B0F2EC80063E5A6 /* TestProject */ = {
			isa = PBXNativeTarget;
			buildConfigurationList = 39AC726B2B0F2EC90063E5A6 /* Build configuration list for PBXNativeTarget "TestProject" */;
			buildPhases = (
				39AC72532B0F2EC80063E5A6 /* Sources */,
				39AC72542B0F2EC80063E5A6 /* Frameworks */,
				39AC72552B0F2EC80063E5A6 /* Resources */,
			);
			buildRules = (
			);
			dependencies = (
			);
			name = TestProject;
			packageProductDependencies = (
				39AC72822B0F31C30063E5A6 /* Kingfisher */,
			);
			productName = TestProject;
			productReference = 39AC72572B0F2EC80063E5A6 /* TestProject.app */;
			productType = "com.apple.product-type.application";
		};
/* End PBXNativeTarget section */

/* Begin PBXProject section */
		39AC724F2B0F2EC80063E5A6 /* Project object */ = {
			isa = PBXProject;
			attributes = {
				BuildIndependentTargetsInParallel = 1;
				LastSwiftUpdateCheck = 1430;
				LastUpgradeCheck = 1430;
				TargetAttributes = {
					39AC72562B0F2EC80063E5A6 = {
						CreatedOnToolsVersion = 14.3.1;
					};
				};
			};
			buildConfigurationList = 39AC72522B0F2EC80063E5A6 /* Build configuration list for PBXProject "TestProject" */;
			compatibilityVersion = "Xcode 14.0";
			developmentRegion = en;
			hasScannedForEncodings = 0;
			knownRegions = (
				en,
				Base,
			);
			mainGroup = 39AC724E2B0F2EC80063E5A6;
			packageReferences = (
				39AC72812B0F31C30063E5A6 /* XCRemoteSwiftPackageReference "Kingfisher" */,
			);
			productRefGroup = 39AC72582B0F2EC80063E5A6 /* Products */;
			projectDirPath = "";
			projectRoot = "";
			targets = (
				39AC72562B0F2EC80063E5A6 /* TestProject */,
			);
		};
/* End PBXProject section */

/* Begin PBXResourcesBuildPhase section */
		39AC72552B0F2EC80063E5A6 /* Resources */ = {
			isa = PBXResourcesBuildPhase;
			buildActionMask = 2147483647;
			files = (
				39AC72672B0F2EC90063E5A6 /* LaunchScreen.storyboard in Resources */,
				39AC72642B0F2EC90063E5A6 /* Assets.xcassets in Resources */,
			);
			runOnlyForDeploymentPostprocessing = 0;
		};
/* End PBXResourcesBuildPhase section */

/* Begin PBXSourcesBuildPhase section */
		39AC72532B0F2EC80063E5A6 /* Sources */ = {
			isa = PBXSourcesBuildPhase;
			buildActionMask = 2147483647;
			files = (
				39AC727A2B0F2FE50063E5A6 /* NewsViewController.swift in Sources */,
				39AC727E2B0F30780063E5A6 /* NewsTableViewCell.swift in Sources */,
				39AC72762B0F2F9A0063E5A6 /* Article.swift in Sources */,
				39AC72742B0F2F520063E5A6 /* NetworkManager.swift in Sources */,
				39AC725B2B0F2EC80063E5A6 /* AppDelegate.swift in Sources */,
				39AC72782B0F2FB30063E5A6 /* News.swift in Sources */,
				39AC725D2B0F2EC80063E5A6 /* SceneDelegate.swift in Sources */,
				39AC72802B0F30F60063E5A6 /* NewsViewModel.swift in Sources */,
			);
			runOnlyForDeploymentPostprocessing = 0;
		};
/* End PBXSourcesBuildPhase section */

/* Begin PBXVariantGroup section */
		39AC72652B0F2EC90063E5A6 /* LaunchScreen.storyboard */ = {
			isa = PBXVariantGroup;
			children = (
				39AC72662B0F2EC90063E5A6 /* Base */,
			);
			name = LaunchScreen.storyboard;
			sourceTree = "<group>";
		};
/* End PBXVariantGroup section */

/* Begin XCBuildConfiguration section */
		39AC72692B0F2EC90063E5A6 /* Debug */ = {
			isa = XCBuildConfiguration;
			buildSettings = {
				ALWAYS_SEARCH_USER_PATHS = NO;
				CLANG_ANALYZER_NONNULL = YES;
				CLANG_ANALYZER_NUMBER_OBJECT_CONVERSION = YES_AGGRESSIVE;
				CLANG_CXX_LANGUAGE_STANDARD = "gnu++20";
				CLANG_ENABLE_MODULES = YES;
				CLANG_ENABLE_OBJC_ARC = YES;
				CLANG_ENABLE_OBJC_WEAK = YES;
				CLANG_WARN_BLOCK_CAPTURE_AUTORELEASING = YES;
				CLANG_WARN_BOOL_CONVERSION = YES;
				CLANG_WARN_COMMA = YES;
				CLANG_WARN_CONSTANT_CONVERSION = YES;
				CLANG_WARN_DEPRECATED_OBJC_IMPLEMENTATIONS = YES;
				CLANG_WARN_DIRECT_OBJC_ISA_USAGE = YES_ERROR;
				CLANG_WARN_DOCUMENTATION_COMMENTS = YES;
				CLANG_WARN_EMPTY_BODY = YES;
				CLANG_WARN_ENUM_CONVERSION = YES;
				CLANG_WARN_INFINITE_RECURSION = YES;
				CLANG_WARN_INT_CONVERSION = YES;
				CLANG_WARN_NON_LITERAL_NULL_CONVERSION = YES;
				CLANG_WARN_OBJC_IMPLICIT_RETAIN_SELF = YES;
				CLANG_WARN_OBJC_LITERAL_CONVERSION = YES;
				CLANG_WARN_OBJC_ROOT_CLASS = YES_ERROR;
				CLANG_WARN_QUOTED_INCLUDE_IN_FRAMEWORK_HEADER = YES;
				CLANG_WARN_RANGE_LOOP_ANALYSIS = YES;
				CLANG_WARN_STRICT_PROTOTYPES = YES;
				CLANG_WARN_SUSPICIOUS_MOVE = YES;
				CLANG_WARN_UNGUARDED_AVAILABILITY = YES_AGGRESSIVE;
				CLANG_WARN_UNREACHABLE_CODE = YES;
				CLANG_WARN__DUPLICATE_METHOD_MATCH = YES;
				COPY_PHASE_STRIP = NO;
				DEBUG_INFORMATION_FORMAT = dwarf;
				ENABLE_STRICT_OBJC_MSGSEND = YES;
				ENABLE_TESTABILITY = YES;
				GCC_C_LANGUAGE_STANDARD = gnu11;
				GCC_DYNAMIC_NO_PIC = NO;
				GCC_NO_COMMON_BLOCKS = YES;
				GCC_OPTIMIZATION_LEVEL = 0;
				GCC_PREPROCESSOR_DEFINITIONS = (
					"DEBUG=1",
					"$(inherited)",
				);
				GCC_WARN_64_TO_32_BIT_CONVERSION = YES;
				GCC_WARN_ABOUT_RETURN_TYPE = YES_ERROR;
				GCC_WARN_UNDECLARED_SELECTOR = YES;
				GCC_WARN_UNINITIALIZED_AUTOS = YES_AGGRESSIVE;
				GCC_WARN_UNUSED_FUNCTION = YES;
				GCC_WARN_UNUSED_VARIABLE = YES;
				IPHONEOS_DEPLOYMENT_TARGET = 15.0;
				MTL_ENABLE_DEBUG_INFO = INCLUDE_SOURCE;
				MTL_FAST_MATH = YES;
				ONLY_ACTIVE_ARCH = YES;
				SDKROOT = iphoneos;
				SWIFT_ACTIVE_COMPILATION_CONDITIONS = DEBUG;
				SWIFT_OPTIMIZATION_LEVEL = "-Onone";
			};
			name = Debug;
		};
		39AC726A2B0F2EC90063E5A6 /* Release */ = {
			isa = XCBuildConfiguration;
			buildSettings = {
				ALWAYS_SEARCH_USER_PATHS = NO;
				CLANG_ANALYZER_NONNULL = YES;
				CLANG_ANALYZER_NUMBER_OBJECT_CONVERSION = YES_AGGRESSIVE;
				CLANG_CXX_LANGUAGE_STANDARD = "gnu++20";
				CLANG_ENABLE_MODULES = YES;
				CLANG_ENABLE_OBJC_ARC = YES;
				CLANG_ENABLE_OBJC_WEAK = YES;
				CLANG_WARN_BLOCK_CAPTURE_AUTORELEASING = YES;
				CLANG_WARN_BOOL_CONVERSION = YES;
				CLANG_WARN_COMMA = YES;
				CLANG_WARN_CONSTANT_CONVERSION = YES;
				CLANG_WARN_DEPRECATED_OBJC_IMPLEMENTATIONS = YES;
				CLANG_WARN_DIRECT_OBJC_ISA_USAGE = YES_ERROR;
				CLANG_WARN_DOCUMENTATION_COMMENTS = YES;
				CLANG_WARN_EMPTY_BODY = YES;
				CLANG_WARN_ENUM_CONVERSION = YES;
				CLANG_WARN_INFINITE_RECURSION = YES;
				CLANG_WARN_INT_CONVERSION = YES;
				CLANG_WARN_NON_LITERAL_NULL_CONVERSION = YES;
				CLANG_WARN_OBJC_IMPLICIT_RETAIN_SELF = YES;
				CLANG_WARN_OBJC_LITERAL_CONVERSION = YES;
				CLANG_WARN_OBJC_ROOT_CLASS = YES_ERROR;
				CLANG_WARN_QUOTED_INCLUDE_IN_FRAMEWORK_HEADER = YES;
				CLANG_WARN_RANGE_LOOP_ANALYSIS = YES;
				CLANG_WARN_STRICT_PROTOTYPES = YES;
				CLANG_WARN_SUSPICIOUS_MOVE = YES;
				CLANG_WARN_UNGUARDED_AVAILABILITY = YES_AGGRESSIVE;
				CLANG_WARN_UNREACHABLE_CODE = YES;
				CLANG_WARN__DUPLICATE_METHOD_MATCH = YES;
				COPY_PHASE_STRIP = NO;
				DEBUG_INFORMATION_FORMAT = "dwarf-with-dsym";
				ENABLE_NS_ASSERTIONS = NO;
				ENABLE_STRICT_OBJC_MSGSEND = YES;
				GCC_C_LANGUAGE_STANDARD = gnu11;
				GCC_NO_COMMON_BLOCKS = YES;
				GCC_WARN_64_TO_32_BIT_CONVERSION = YES;
				GCC_WARN_ABOUT_RETURN_TYPE = YES_ERROR;
				GCC_WARN_UNDECLARED_SELECTOR = YES;
				GCC_WARN_UNINITIALIZED_AUTOS = YES_AGGRESSIVE;
				GCC_WARN_UNUSED_FUNCTION = YES;
				GCC_WARN_UNUSED_VARIABLE = YES;
				IPHONEOS_DEPLOYMENT_TARGET = 15.0;
				MTL_ENABLE_DEBUG_INFO = NO;
				MTL_FAST_MATH = YES;
				SDKROOT = iphoneos;
				SWIFT_COMPILATION_MODE = wholemodule;
				SWIFT_OPTIMIZATION_LEVEL = "-O";
				VALIDATE_PRODUCT = YES;
			};
			name = Release;
		};
		39AC726C2B0F2EC90063E5A6 /* Debug */ = {
			isa = XCBuildConfiguration;
			buildSettings = {
				ASSETCATALOG_COMPILER_APPICON_NAME = AppIcon;
				ASSETCATALOG_COMPILER_GLOBAL_ACCENT_COLOR_NAME = AccentColor;
				CODE_SIGN_STYLE = Automatic;
				CURRENT_PROJECT_VERSION = 1;
				DEVELOPMENT_TEAM = C549MQNJVC;
				GENERATE_INFOPLIST_FILE = YES;
				INFOPLIST_FILE = TestProject/Info.plist;
				INFOPLIST_KEY_UIApplicationSupportsIndirectInputEvents = YES;
				INFOPLIST_KEY_UILaunchStoryboardName = LaunchScreen;
				INFOPLIST_KEY_UIMainStoryboardFile = "";
				INFOPLIST_KEY_UISupportedInterfaceOrientations = UIInterfaceOrientationPortrait;
				INFOPLIST_KEY_UISupportedInterfaceOrientations_iPad = "UIInterfaceOrientationLandscapeLeft UIInterfaceOrientationLandscapeRight UIInterfaceOrientationPortrait UIInterfaceOrientationPortraitUpsideDown";
				IPHONEOS_DEPLOYMENT_TARGET = 15.0;
				LD_RUNPATH_SEARCH_PATHS = (
					"$(inherited)",
					"@executable_path/Frameworks",
				);
				MARKETING_VERSION = 1.0;
				PRODUCT_BUNDLE_IDENTIFIER = test.TestProject;
				PRODUCT_NAME = "$(TARGET_NAME)";
				SUPPORTED_PLATFORMS = "iphoneos iphonesimulator";
				SUPPORTS_MACCATALYST = NO;
				SUPPORTS_MAC_DESIGNED_FOR_IPHONE_IPAD = NO;
				SWIFT_EMIT_LOC_STRINGS = YES;
				SWIFT_VERSION = 5.0;
				TARGETED_DEVICE_FAMILY = 1;
			};
			name = Debug;
		};
		39AC726D2B0F2EC90063E5A6 /* Release */ = {
			isa = XCBuildConfiguration;
			buildSettings = {
				ASSETCATALOG_COMPILER_APPICON_NAME = AppIcon;
				ASSETCATALOG_COMPILER_GLOBAL_ACCENT_COLOR_NAME = AccentColor;
				CODE_SIGN_STYLE = Automatic;
				CURRENT_PROJECT_VERSION = 1;
				DEVELOPMENT_TEAM = C549MQNJVC;
				GENERATE_INFOPLIST_FILE = YES;
				INFOPLIST_FILE = TestProject/Info.plist;
				INFOPLIST_KEY_UIApplicationSupportsIndirectInputEvents = YES;
				INFOPLIST_KEY_UILaunchStoryboardName = LaunchScreen;
				INFOPLIST_KEY_UIMainStoryboardFile = "";
				INFOPLIST_KEY_UISupportedInterfaceOrientations = UIInterfaceOrientationPortrait;
				INFOPLIST_KEY_UISupportedInterfaceOrientations_iPad = "UIInterfaceOrientationLandscapeLeft UIInterfaceOrientationLandscapeRight UIInterfaceOrientationPortrait UIInterfaceOrientationPortraitUpsideDown";
				IPHONEOS_DEPLOYMENT_TARGET = 15.0;
				LD_RUNPATH_SEARCH_PATHS = (
					"$(inherited)",
					"@executable_path/Frameworks",
				);
				MARKETING_VERSION = 1.0;
				PRODUCT_BUNDLE_IDENTIFIER = test.TestProject;
				PRODUCT_NAME = "$(TARGET_NAME)";
				SUPPORTED_PLATFORMS = "iphoneos iphonesimulator";
				SUPPORTS_MACCATALYST = NO;
				SUPPORTS_MAC_DESIGNED_FOR_IPHONE_IPAD = NO;
				SWIFT_EMIT_LOC_STRINGS = YES;
				SWIFT_VERSION = 5.0;
				TARGETED_DEVICE_FAMILY = 1;
			};
			name = Release;
		};
/* End XCBuildConfiguration section */

/* Begin XCConfigurationList section */
		39AC72522B0F2EC80063E5A6 /* Build configuration list for PBXProject "TestProject" */ = {
			isa = XCConfigurationList;
			buildConfigurations = (
				39AC72692B0F2EC90063E5A6 /* Debug */,
				39AC726A2B0F2EC90063E5A6 /* Release */,
			);
			defaultConfigurationIsVisible = 0;
			defaultConfigurationName = Release;
		};
		39AC726B2B0F2EC90063E5A6 /* Build configuration list for PBXNativeTarget "TestProject" */ = {
			isa = XCConfigurationList;
			buildConfigurations = (
				39AC726C2B0F2EC90063E5A6 /* Debug */,
				39AC726D2B0F2EC90063E5A6 /* Release */,
			);
			defaultConfigurationIsVisible = 0;
			defaultConfigurationName = Release;
		};
/* End XCConfigurationList section */

/* Begin XCRemoteSwiftPackageReference section */
		39AC72812B0F31C30063E5A6 /* XCRemoteSwiftPackageReference "Kingfisher" */ = {
			isa = XCRemoteSwiftPackageReference;
			repositoryURL = "https://github.com/onevcat/Kingfisher";
			requirement = {
				kind = upToNextMajorVersion;
				minimumVersion = 7.0.0;
			};
		};
/* End XCRemoteSwiftPackageReference section */

/* Begin XCSwiftPackageProductDependency section */
		39AC72822B0F31C30063E5A6 /* Kingfisher */ = {
			isa = XCSwiftPackageProductDependency;
			package = 39AC72812B0F31C30063E5A6 /* XCRemoteSwiftPackageReference "Kingfisher" */;
			productName = Kingfisher;
		};
/* End XCSwiftPackageProductDependency section */
	};
	rootObject = 39AC724F2B0F2EC80063E5A6 /* Project object */;
}
